// !$*UTF8*$!
{
	archiveVersion = 1;
	classes = {
	};
	objectVersion = 56;
	objects = {

/* Begin PBXBuildFile section */
		BA43DF8B2B51E13100D845AE /* FirebaseFirestore in Frameworks */ = {isa = PBXBuildFile; productRef = BA43DF8A2B51E13100D845AE /* FirebaseFirestore */; };
		BA43DF8D2B51E4C500D845AE /* MyAppDelegate.swift in Sources */ = {isa = PBXBuildFile; fileRef = BA43DF8C2B51E4C500D845AE /* MyAppDelegate.swift */; };
		BA43DF8F2B51ECDC00D845AE /* DialView.swift in Sources */ = {isa = PBXBuildFile; fileRef = BA43DF8E2B51ECDC00D845AE /* DialView.swift */; };
		BA43DF912B51F9E100D845AE /* Firestore.swift in Sources */ = {isa = PBXBuildFile; fileRef = BA43DF902B51F9E100D845AE /* Firestore.swift */; };
		BA43DF952B52617400D845AE /* ColorExtension.swift in Sources */ = {isa = PBXBuildFile; fileRef = BA43DF942B52617400D845AE /* ColorExtension.swift */; };
		BA43DF972B52619A00D845AE /* ViewExtension.swift in Sources */ = {isa = PBXBuildFile; fileRef = BA43DF962B52619A00D845AE /* ViewExtension.swift */; };
		BA43DF992B52638F00D845AE /* LinearGradientExtension.swift in Sources */ = {isa = PBXBuildFile; fileRef = BA43DF982B52638F00D845AE /* LinearGradientExtension.swift */; };
		BA43DF9B2B52714A00D845AE /* NeumorphicStyle.swift in Sources */ = {isa = PBXBuildFile; fileRef = BA43DF9A2B52714900D845AE /* NeumorphicStyle.swift */; };
		BA90E1CF2B51C5B300729479 /* fluffyrobotquickchatApp.swift in Sources */ = {isa = PBXBuildFile; fileRef = BA90E1CE2B51C5B300729479 /* fluffyrobotquickchatApp.swift */; };
		BA90E1D12B51C5B300729479 /* ContentView.swift in Sources */ = {isa = PBXBuildFile; fileRef = BA90E1D02B51C5B300729479 /* ContentView.swift */; };
		BA90E1D32B51C5B300729479 /* Item.swift in Sources */ = {isa = PBXBuildFile; fileRef = BA90E1D22B51C5B300729479 /* Item.swift */; };
		BA90E1D52B51C5B400729479 /* Assets.xcassets in Resources */ = {isa = PBXBuildFile; fileRef = BA90E1D42B51C5B400729479 /* Assets.xcassets */; };
		BA90E1D82B51C5B400729479 /* Preview Assets.xcassets in Resources */ = {isa = PBXBuildFile; fileRef = BA90E1D72B51C5B400729479 /* Preview Assets.xcassets */; };
		BA90E1DF2B51C68800729479 /* UserRegistrationView.swift in Sources */ = {isa = PBXBuildFile; fileRef = BA90E1DE2B51C68800729479 /* UserRegistrationView.swift */; };
		BA90E1E12B51C6A200729479 /* UserLoginView.swift in Sources */ = {isa = PBXBuildFile; fileRef = BA90E1E02B51C6A200729479 /* UserLoginView.swift */; };
		BA90E1E32B51C74000729479 /* UserProfieView.swift in Sources */ = {isa = PBXBuildFile; fileRef = BA90E1E22B51C74000729479 /* UserProfieView.swift */; };
		BA90E1E62B51D94400729479 /* FirebaseAnalytics in Frameworks */ = {isa = PBXBuildFile; productRef = BA90E1E52B51D94400729479 /* FirebaseAnalytics */; };
		BA90E1E82B51D94400729479 /* FirebaseAnalyticsOnDeviceConversion in Frameworks */ = {isa = PBXBuildFile; productRef = BA90E1E72B51D94400729479 /* FirebaseAnalyticsOnDeviceConversion */; };
		BA90E1EA2B51D94400729479 /* FirebaseAnalyticsSwift in Frameworks */ = {isa = PBXBuildFile; productRef = BA90E1E92B51D94400729479 /* FirebaseAnalyticsSwift */; };
		BA90E1EC2B51D94400729479 /* FirebaseAnalyticsWithoutAdIdSupport in Frameworks */ = {isa = PBXBuildFile; productRef = BA90E1EB2B51D94400729479 /* FirebaseAnalyticsWithoutAdIdSupport */; };
		BA90E1EE2B51D94400729479 /* FirebaseAppCheck in Frameworks */ = {isa = PBXBuildFile; productRef = BA90E1ED2B51D94400729479 /* FirebaseAppCheck */; settings = {ATTRIBUTES = (Weak, ); }; };
		BA90E1F02B51DCE800729479 /* GoogleService-Info.plist in Resources */ = {isa = PBXBuildFile; fileRef = BA90E1EF2B51DCE800729479 /* GoogleService-Info.plist */; };
		BADA8D762B535D0F0090C831 /* CircularGlowTileComponent.swift in Sources */ = {isa = PBXBuildFile; fileRef = BADA8D752B535D0F0090C831 /* CircularGlowTileComponent.swift */; };
		BADA8D782B535DA80090C831 /* DialComponent.swift in Sources */ = {isa = PBXBuildFile; fileRef = BADA8D772B535DA80090C831 /* DialComponent.swift */; };
		BADA8D7C2B54587E0090C831 /* FirebaseAnalytics in Frameworks */ = {isa = PBXBuildFile; productRef = BADA8D7B2B54587E0090C831 /* FirebaseAnalytics */; };
		BADA8D7E2B54587E0090C831 /* FirebaseAnalyticsOnDeviceConversion in Frameworks */ = {isa = PBXBuildFile; productRef = BADA8D7D2B54587E0090C831 /* FirebaseAnalyticsOnDeviceConversion */; };
		BADA8D802B54587E0090C831 /* FirebaseAnalyticsSwift in Frameworks */ = {isa = PBXBuildFile; productRef = BADA8D7F2B54587E0090C831 /* FirebaseAnalyticsSwift */; };
		BADA8D822B54587E0090C831 /* FirebaseAnalyticsWithoutAdIdSupport in Frameworks */ = {isa = PBXBuildFile; productRef = BADA8D812B54587E0090C831 /* FirebaseAnalyticsWithoutAdIdSupport */; };
		BADA8D842B54587E0090C831 /* FirebaseAppCheck in Frameworks */ = {isa = PBXBuildFile; productRef = BADA8D832B54587E0090C831 /* FirebaseAppCheck */; };
		BADA8D862B54587E0090C831 /* FirebaseAppDistribution-Beta in Frameworks */ = {isa = PBXBuildFile; productRef = BADA8D852B54587E0090C831 /* FirebaseAppDistribution-Beta */; };
		BADA8D882B54587E0090C831 /* FirebaseAuth in Frameworks */ = {isa = PBXBuildFile; productRef = BADA8D872B54587E0090C831 /* FirebaseAuth */; };
		BADA8D8A2B54587E0090C831 /* FirebaseAuthCombine-Community in Frameworks */ = {isa = PBXBuildFile; productRef = BADA8D892B54587E0090C831 /* FirebaseAuthCombine-Community */; };
		BADA8D8C2B54587E0090C831 /* FirebaseCrashlytics in Frameworks */ = {isa = PBXBuildFile; productRef = BADA8D8B2B54587E0090C831 /* FirebaseCrashlytics */; settings = {ATTRIBUTES = (Weak, ); }; };
		BADA8D8E2B54587E0090C831 /* FirebaseDatabase in Frameworks */ = {isa = PBXBuildFile; productRef = BADA8D8D2B54587E0090C831 /* FirebaseDatabase */; };
		BADA8D912B545A3E0090C831 /* ChatRoomView.swift in Sources */ = {isa = PBXBuildFile; fileRef = BADA8D902B545A3E0090C831 /* ChatRoomView.swift */; };
		BADA8D932B545A4C0090C831 /* ChatRoomsView.swift in Sources */ = {isa = PBXBuildFile; fileRef = BADA8D922B545A4C0090C831 /* ChatRoomsView.swift */; };
		BADA8D952B54A70D0090C831 /* UserModel.swift in Sources */ = {isa = PBXBuildFile; fileRef = BADA8D942B54A70D0090C831 /* UserModel.swift */; };
		BADA8D972B54B1E70090C831 /* ChatModel.swift in Sources */ = {isa = PBXBuildFile; fileRef = BADA8D962B54B1E70090C831 /* ChatModel.swift */; };
		BADA8D992B55184C0090C831 /* FirebaseAuth.swift in Sources */ = {isa = PBXBuildFile; fileRef = BADA8D982B55184C0090C831 /* FirebaseAuth.swift */; };
/* End PBXBuildFile section */

/* Begin PBXFileReference section */
		BA43DF8C2B51E4C500D845AE /* MyAppDelegate.swift */ = {isa = PBXFileReference; lastKnownFileType = sourcecode.swift; path = MyAppDelegate.swift; sourceTree = "<group>"; };
		BA43DF8E2B51ECDC00D845AE /* DialView.swift */ = {isa = PBXFileReference; lastKnownFileType = sourcecode.swift; path = DialView.swift; sourceTree = "<group>"; };
		BA43DF902B51F9E100D845AE /* Firestore.swift */ = {isa = PBXFileReference; lastKnownFileType = sourcecode.swift; path = Firestore.swift; sourceTree = "<group>"; };
		BA43DF942B52617400D845AE /* ColorExtension.swift */ = {isa = PBXFileReference; lastKnownFileType = sourcecode.swift; path = ColorExtension.swift; sourceTree = "<group>"; };
		BA43DF962B52619A00D845AE /* ViewExtension.swift */ = {isa = PBXFileReference; lastKnownFileType = sourcecode.swift; path = ViewExtension.swift; sourceTree = "<group>"; };
		BA43DF982B52638F00D845AE /* LinearGradientExtension.swift */ = {isa = PBXFileReference; lastKnownFileType = sourcecode.swift; path = LinearGradientExtension.swift; sourceTree = "<group>"; };
		BA43DF9A2B52714900D845AE /* NeumorphicStyle.swift */ = {isa = PBXFileReference; lastKnownFileType = sourcecode.swift; path = NeumorphicStyle.swift; sourceTree = "<group>"; };
		BA90E1CB2B51C5B300729479 /* fluffyrobotquickchat.app */ = {isa = PBXFileReference; explicitFileType = wrapper.application; includeInIndex = 0; path = fluffyrobotquickchat.app; sourceTree = BUILT_PRODUCTS_DIR; };
		BA90E1CE2B51C5B300729479 /* fluffyrobotquickchatApp.swift */ = {isa = PBXFileReference; lastKnownFileType = sourcecode.swift; path = fluffyrobotquickchatApp.swift; sourceTree = "<group>"; };
		BA90E1D02B51C5B300729479 /* ContentView.swift */ = {isa = PBXFileReference; lastKnownFileType = sourcecode.swift; path = ContentView.swift; sourceTree = "<group>"; };
		BA90E1D22B51C5B300729479 /* Item.swift */ = {isa = PBXFileReference; lastKnownFileType = sourcecode.swift; path = Item.swift; sourceTree = "<group>"; };
		BA90E1D42B51C5B400729479 /* Assets.xcassets */ = {isa = PBXFileReference; lastKnownFileType = folder.assetcatalog; path = Assets.xcassets; sourceTree = "<group>"; };
		BA90E1D72B51C5B400729479 /* Preview Assets.xcassets */ = {isa = PBXFileReference; lastKnownFileType = folder.assetcatalog; path = "Preview Assets.xcassets"; sourceTree = "<group>"; };
		BA90E1DE2B51C68800729479 /* UserRegistrationView.swift */ = {isa = PBXFileReference; lastKnownFileType = sourcecode.swift; path = UserRegistrationView.swift; sourceTree = "<group>"; };
		BA90E1E02B51C6A200729479 /* UserLoginView.swift */ = {isa = PBXFileReference; lastKnownFileType = sourcecode.swift; path = UserLoginView.swift; sourceTree = "<group>"; };
		BA90E1E22B51C74000729479 /* UserProfieView.swift */ = {isa = PBXFileReference; lastKnownFileType = sourcecode.swift; path = UserProfieView.swift; sourceTree = "<group>"; };
		BA90E1EF2B51DCE800729479 /* GoogleService-Info.plist */ = {isa = PBXFileReference; fileEncoding = 4; lastKnownFileType = text.plist.xml; name = "GoogleService-Info.plist"; path = "../../../../Downloads/GoogleService-Info.plist"; sourceTree = "<group>"; };
		BADA8D752B535D0F0090C831 /* CircularGlowTileComponent.swift */ = {isa = PBXFileReference; lastKnownFileType = sourcecode.swift; path = CircularGlowTileComponent.swift; sourceTree = "<group>"; };
		BADA8D772B535DA80090C831 /* DialComponent.swift */ = {isa = PBXFileReference; lastKnownFileType = sourcecode.swift; path = DialComponent.swift; sourceTree = "<group>"; };
		BADA8D902B545A3E0090C831 /* ChatRoomView.swift */ = {isa = PBXFileReference; lastKnownFileType = sourcecode.swift; path = ChatRoomView.swift; sourceTree = "<group>"; };
		BADA8D922B545A4C0090C831 /* ChatRoomsView.swift */ = {isa = PBXFileReference; lastKnownFileType = sourcecode.swift; path = ChatRoomsView.swift; sourceTree = "<group>"; };
		BADA8D942B54A70D0090C831 /* UserModel.swift */ = {isa = PBXFileReference; lastKnownFileType = sourcecode.swift; path = UserModel.swift; sourceTree = "<group>"; };
		BADA8D962B54B1E70090C831 /* ChatModel.swift */ = {isa = PBXFileReference; lastKnownFileType = sourcecode.swift; path = ChatModel.swift; sourceTree = "<group>"; };
		BADA8D982B55184C0090C831 /* FirebaseAuth.swift */ = {isa = PBXFileReference; lastKnownFileType = sourcecode.swift; path = FirebaseAuth.swift; sourceTree = "<group>"; };
/* End PBXFileReference section */

/* Begin PBXFrameworksBuildPhase section */
		BA90E1C82B51C5B300729479 /* Frameworks */ = {
			isa = PBXFrameworksBuildPhase;
			buildActionMask = 2147483647;
			files = (
				BADA8D802B54587E0090C831 /* FirebaseAnalyticsSwift in Frameworks */,
				BADA8D822B54587E0090C831 /* FirebaseAnalyticsWithoutAdIdSupport in Frameworks */,
				BADA8D7C2B54587E0090C831 /* FirebaseAnalytics in Frameworks */,
				BA90E1EA2B51D94400729479 /* FirebaseAnalyticsSwift in Frameworks */,
				BA90E1E62B51D94400729479 /* FirebaseAnalytics in Frameworks */,
				BADA8D8A2B54587E0090C831 /* FirebaseAuthCombine-Community in Frameworks */,
				BADA8D8E2B54587E0090C831 /* FirebaseDatabase in Frameworks */,
				BA90E1E82B51D94400729479 /* FirebaseAnalyticsOnDeviceConversion in Frameworks */,
				BA90E1EE2B51D94400729479 /* FirebaseAppCheck in Frameworks */,
				BA90E1EC2B51D94400729479 /* FirebaseAnalyticsWithoutAdIdSupport in Frameworks */,
				BA43DF8B2B51E13100D845AE /* FirebaseFirestore in Frameworks */,
				BADA8D7E2B54587E0090C831 /* FirebaseAnalyticsOnDeviceConversion in Frameworks */,
				BADA8D882B54587E0090C831 /* FirebaseAuth in Frameworks */,
				BADA8D8C2B54587E0090C831 /* FirebaseCrashlytics in Frameworks */,
				BADA8D842B54587E0090C831 /* FirebaseAppCheck in Frameworks */,
				BADA8D862B54587E0090C831 /* FirebaseAppDistribution-Beta in Frameworks */,
			);
			runOnlyForDeploymentPostprocessing = 0;
		};
/* End PBXFrameworksBuildPhase section */

/* Begin PBXGroup section */
		BA43DF892B51E13100D845AE /* Frameworks */ = {
			isa = PBXGroup;
			children = (
			);
			name = Frameworks;
			sourceTree = "<group>";
		};
		BA43DF9C2B52717700D845AE /* Utils */ = {
			isa = PBXGroup;
			children = (
				BA43DF902B51F9E100D845AE /* Firestore.swift */,
				BA43DF942B52617400D845AE /* ColorExtension.swift */,
				BA43DF9A2B52714900D845AE /* NeumorphicStyle.swift */,
				BADA8D982B55184C0090C831 /* FirebaseAuth.swift */,
				BA43DF982B52638F00D845AE /* LinearGradientExtension.swift */,
				BA43DF962B52619A00D845AE /* ViewExtension.swift */,
				BA43DF8C2B51E4C500D845AE /* MyAppDelegate.swift */,
			);
			path = Utils;
			sourceTree = "<group>";
		};
		BA90E1C22B51C5B300729479 = {
			isa = PBXGroup;
			children = (
				BA90E1CD2B51C5B300729479 /* fluffyrobotquickchat */,
				BA90E1CC2B51C5B300729479 /* Products */,
				BA43DF892B51E13100D845AE /* Frameworks */,
			);
			sourceTree = "<group>";
		};
		BA90E1CC2B51C5B300729479 /* Products */ = {
			isa = PBXGroup;
			children = (
				BA90E1CB2B51C5B300729479 /* fluffyrobotquickchat.app */,
			);
			name = Products;
			sourceTree = "<group>";
		};
		BA90E1CD2B51C5B300729479 /* fluffyrobotquickchat */ = {
			isa = PBXGroup;
			children = (
				BA90E1EF2B51DCE800729479 /* GoogleService-Info.plist */,
				BA90E1CE2B51C5B300729479 /* fluffyrobotquickchatApp.swift */,
				BA90E1D02B51C5B300729479 /* ContentView.swift */,
				BADA8D8F2B545A1E0090C831 /* Chat */,
				BA43DF9C2B52717700D845AE /* Utils */,
				BADA8D7A2B538D420090C831 /* User */,
				BADA8D742B535CE70090C831 /* Dial */,
				BADA8D792B535DE30090C831 /* Neumorphic */,
				BA90E1D22B51C5B300729479 /* Item.swift */,
				BA90E1D42B51C5B400729479 /* Assets.xcassets */,
				BA90E1D62B51C5B400729479 /* Preview Content */,
			);
			path = fluffyrobotquickchat;
			sourceTree = "<group>";
		};
		BA90E1D62B51C5B400729479 /* Preview Content */ = {
			isa = PBXGroup;
			children = (
				BA90E1D72B51C5B400729479 /* Preview Assets.xcassets */,
			);
			path = "Preview Content";
			sourceTree = "<group>";
		};
		BADA8D742B535CE70090C831 /* Dial */ = {
			isa = PBXGroup;
			children = (
				BA43DF8E2B51ECDC00D845AE /* DialView.swift */,
				BADA8D772B535DA80090C831 /* DialComponent.swift */,
				BADA8D752B535D0F0090C831 /* CircularGlowTileComponent.swift */,
			);
			path = Dial;
			sourceTree = "<group>";
		};
		BADA8D792B535DE30090C831 /* Neumorphic */ = {
			isa = PBXGroup;
			children = (
			);
			path = Neumorphic;
			sourceTree = "<group>";
		};
		BADA8D7A2B538D420090C831 /* User */ = {
			isa = PBXGroup;
			children = (
				BA90E1DE2B51C68800729479 /* UserRegistrationView.swift */,
				BADA8D942B54A70D0090C831 /* UserModel.swift */,
				BA90E1E22B51C74000729479 /* UserProfieView.swift */,
				BA90E1E02B51C6A200729479 /* UserLoginView.swift */,
			);
			path = User;
			sourceTree = "<group>";
		};
		BADA8D8F2B545A1E0090C831 /* Chat */ = {
			isa = PBXGroup;
			children = (
				BADA8D902B545A3E0090C831 /* ChatRoomView.swift */,
				BADA8D962B54B1E70090C831 /* ChatModel.swift */,
				BADA8D922B545A4C0090C831 /* ChatRoomsView.swift */,
			);
			path = Chat;
			sourceTree = "<group>";
		};
/* End PBXGroup section */

/* Begin PBXNativeTarget section */
		BA90E1CA2B51C5B300729479 /* fluffyrobotquickchat */ = {
			isa = PBXNativeTarget;
			buildConfigurationList = BA90E1DB2B51C5B400729479 /* Build configuration list for PBXNativeTarget "fluffyrobotquickchat" */;
			buildPhases = (
				BA90E1C72B51C5B300729479 /* Sources */,
				BA90E1C82B51C5B300729479 /* Frameworks */,
				BA90E1C92B51C5B300729479 /* Resources */,
			);
			buildRules = (
			);
			dependencies = (
			);
			name = fluffyrobotquickchat;
			packageProductDependencies = (
				BA90E1E52B51D94400729479 /* FirebaseAnalytics */,
				BA90E1E72B51D94400729479 /* FirebaseAnalyticsOnDeviceConversion */,
				BA90E1E92B51D94400729479 /* FirebaseAnalyticsSwift */,
				BA90E1EB2B51D94400729479 /* FirebaseAnalyticsWithoutAdIdSupport */,
				BA90E1ED2B51D94400729479 /* FirebaseAppCheck */,
				BA43DF8A2B51E13100D845AE /* FirebaseFirestore */,
				BADA8D7B2B54587E0090C831 /* FirebaseAnalytics */,
				BADA8D7D2B54587E0090C831 /* FirebaseAnalyticsOnDeviceConversion */,
				BADA8D7F2B54587E0090C831 /* FirebaseAnalyticsSwift */,
				BADA8D812B54587E0090C831 /* FirebaseAnalyticsWithoutAdIdSupport */,
				BADA8D832B54587E0090C831 /* FirebaseAppCheck */,
				BADA8D852B54587E0090C831 /* FirebaseAppDistribution-Beta */,
				BADA8D872B54587E0090C831 /* FirebaseAuth */,
				BADA8D892B54587E0090C831 /* FirebaseAuthCombine-Community */,
				BADA8D8B2B54587E0090C831 /* FirebaseCrashlytics */,
				BADA8D8D2B54587E0090C831 /* FirebaseDatabase */,
			);
			productName = fluffyrobotquickchat;
			productReference = BA90E1CB2B51C5B300729479 /* fluffyrobotquickchat.app */;
			productType = "com.apple.product-type.application";
		};
/* End PBXNativeTarget section */

/* Begin PBXProject section */
		BA90E1C32B51C5B300729479 /* Project object */ = {
			isa = PBXProject;
			attributes = {
				BuildIndependentTargetsInParallel = 1;
				LastSwiftUpdateCheck = 1520;
				LastUpgradeCheck = 1520;
				TargetAttributes = {
					BA90E1CA2B51C5B300729479 = {
						CreatedOnToolsVersion = 15.2;
					};
				};
			};
			buildConfigurationList = BA90E1C62B51C5B300729479 /* Build configuration list for PBXProject "fluffyrobotquickchat" */;
			compatibilityVersion = "Xcode 14.0";
			developmentRegion = en;
			hasScannedForEncodings = 0;
			knownRegions = (
				en,
				Base,
			);
			mainGroup = BA90E1C22B51C5B300729479;
			packageReferences = (
				BA90E1E42B51D94400729479 /* XCRemoteSwiftPackageReference "firebase-ios-sdk" */,
			);
			productRefGroup = BA90E1CC2B51C5B300729479 /* Products */;
			projectDirPath = "";
			projectRoot = "";
			targets = (
				BA90E1CA2B51C5B300729479 /* fluffyrobotquickchat */,
			);
		};
/* End PBXProject section */

/* Begin PBXResourcesBuildPhase section */
		BA90E1C92B51C5B300729479 /* Resources */ = {
			isa = PBXResourcesBuildPhase;
			buildActionMask = 2147483647;
			files = (
				BA90E1D82B51C5B400729479 /* Preview Assets.xcassets in Resources */,
				BA90E1D52B51C5B400729479 /* Assets.xcassets in Resources */,
				BA90E1F02B51DCE800729479 /* GoogleService-Info.plist in Resources */,
			);
			runOnlyForDeploymentPostprocessing = 0;
		};
/* End PBXResourcesBuildPhase section */

/* Begin PBXSourcesBuildPhase section */
		BA90E1C72B51C5B300729479 /* Sources */ = {
			isa = PBXSourcesBuildPhase;
			buildActionMask = 2147483647;
			files = (
				BA90E1D12B51C5B300729479 /* ContentView.swift in Sources */,
				BA90E1E12B51C6A200729479 /* UserLoginView.swift in Sources */,
				BADA8D972B54B1E70090C831 /* ChatModel.swift in Sources */,
				BA43DF8F2B51ECDC00D845AE /* DialView.swift in Sources */,
				BA90E1D32B51C5B300729479 /* Item.swift in Sources */,
				BA43DF8D2B51E4C500D845AE /* MyAppDelegate.swift in Sources */,
				BA43DF912B51F9E100D845AE /* Firestore.swift in Sources */,
				BADA8D912B545A3E0090C831 /* ChatRoomView.swift in Sources */,
				BA43DF992B52638F00D845AE /* LinearGradientExtension.swift in Sources */,
				BA43DF972B52619A00D845AE /* ViewExtension.swift in Sources */,
				BADA8D762B535D0F0090C831 /* CircularGlowTileComponent.swift in Sources */,
				BA90E1DF2B51C68800729479 /* UserRegistrationView.swift in Sources */,
				BADA8D992B55184C0090C831 /* FirebaseAuth.swift in Sources */,
				BADA8D932B545A4C0090C831 /* ChatRoomsView.swift in Sources */,
				BA90E1CF2B51C5B300729479 /* fluffyrobotquickchatApp.swift in Sources */,
				BA43DF9B2B52714A00D845AE /* NeumorphicStyle.swift in Sources */,
				BA43DF952B52617400D845AE /* ColorExtension.swift in Sources */,
				BA90E1E32B51C74000729479 /* UserProfieView.swift in Sources */,
				BADA8D952B54A70D0090C831 /* UserModel.swift in Sources */,
				BADA8D782B535DA80090C831 /* DialComponent.swift in Sources */,
			);
			runOnlyForDeploymentPostprocessing = 0;
		};
/* End PBXSourcesBuildPhase section */

/* Begin XCBuildConfiguration section */
		BA90E1D92B51C5B400729479 /* Debug */ = {
			isa = XCBuildConfiguration;
			buildSettings = {
				ALWAYS_SEARCH_USER_PATHS = NO;
				ASSETCATALOG_COMPILER_GENERATE_SWIFT_ASSET_SYMBOL_EXTENSIONS = YES;
				CLANG_ANALYZER_NONNULL = YES;
				CLANG_ANALYZER_NUMBER_OBJECT_CONVERSION = YES_AGGRESSIVE;
				CLANG_CXX_LANGUAGE_STANDARD = "gnu++20";
				CLANG_ENABLE_MODULES = YES;
				CLANG_ENABLE_OBJC_ARC = YES;
				CLANG_ENABLE_OBJC_WEAK = YES;
				CLANG_WARN_BLOCK_CAPTURE_AUTORELEASING = YES;
				CLANG_WARN_BOOL_CONVERSION = YES;
				CLANG_WARN_COMMA = YES;
				CLANG_WARN_CONSTANT_CONVERSION = YES;
				CLANG_WARN_DEPRECATED_OBJC_IMPLEMENTATIONS = YES;
				CLANG_WARN_DIRECT_OBJC_ISA_USAGE = YES_ERROR;
				CLANG_WARN_DOCUMENTATION_COMMENTS = YES;
				CLANG_WARN_EMPTY_BODY = YES;
				CLANG_WARN_ENUM_CONVERSION = YES;
				CLANG_WARN_INFINITE_RECURSION = YES;
				CLANG_WARN_INT_CONVERSION = YES;
				CLANG_WARN_NON_LITERAL_NULL_CONVERSION = YES;
				CLANG_WARN_OBJC_IMPLICIT_RETAIN_SELF = YES;
				CLANG_WARN_OBJC_LITERAL_CONVERSION = YES;
				CLANG_WARN_OBJC_ROOT_CLASS = YES_ERROR;
				CLANG_WARN_QUOTED_INCLUDE_IN_FRAMEWORK_HEADER = YES;
				CLANG_WARN_RANGE_LOOP_ANALYSIS = YES;
				CLANG_WARN_STRICT_PROTOTYPES = YES;
				CLANG_WARN_SUSPICIOUS_MOVE = YES;
				CLANG_WARN_UNGUARDED_AVAILABILITY = YES_AGGRESSIVE;
				CLANG_WARN_UNREACHABLE_CODE = YES;
				CLANG_WARN__DUPLICATE_METHOD_MATCH = YES;
				COPY_PHASE_STRIP = NO;
				DEBUG_INFORMATION_FORMAT = dwarf;
				ENABLE_STRICT_OBJC_MSGSEND = YES;
				ENABLE_TESTABILITY = YES;
				ENABLE_USER_SCRIPT_SANDBOXING = YES;
				GCC_C_LANGUAGE_STANDARD = gnu17;
				GCC_DYNAMIC_NO_PIC = NO;
				GCC_NO_COMMON_BLOCKS = YES;
				GCC_OPTIMIZATION_LEVEL = 0;
				GCC_PREPROCESSOR_DEFINITIONS = (
					"DEBUG=1",
					"$(inherited)",
				);
				GCC_WARN_64_TO_32_BIT_CONVERSION = YES;
				GCC_WARN_ABOUT_RETURN_TYPE = YES_ERROR;
				GCC_WARN_UNDECLARED_SELECTOR = YES;
				GCC_WARN_UNINITIALIZED_AUTOS = YES_AGGRESSIVE;
				GCC_WARN_UNUSED_FUNCTION = YES;
				GCC_WARN_UNUSED_VARIABLE = YES;
				IPHONEOS_DEPLOYMENT_TARGET = 17.2;
				LOCALIZATION_PREFERS_STRING_CATALOGS = YES;
				MTL_ENABLE_DEBUG_INFO = INCLUDE_SOURCE;
				MTL_FAST_MATH = YES;
				ONLY_ACTIVE_ARCH = YES;
				SDKROOT = iphoneos;
				SWIFT_ACTIVE_COMPILATION_CONDITIONS = "DEBUG $(inherited)";
				SWIFT_OPTIMIZATION_LEVEL = "-Onone";
			};
			name = Debug;
		};
		BA90E1DA2B51C5B400729479 /* Release */ = {
			isa = XCBuildConfiguration;
			buildSettings = {
				ALWAYS_SEARCH_USER_PATHS = NO;
				ASSETCATALOG_COMPILER_GENERATE_SWIFT_ASSET_SYMBOL_EXTENSIONS = YES;
				CLANG_ANALYZER_NONNULL = YES;
				CLANG_ANALYZER_NUMBER_OBJECT_CONVERSION = YES_AGGRESSIVE;
				CLANG_CXX_LANGUAGE_STANDARD = "gnu++20";
				CLANG_ENABLE_MODULES = YES;
				CLANG_ENABLE_OBJC_ARC = YES;
				CLANG_ENABLE_OBJC_WEAK = YES;
				CLANG_WARN_BLOCK_CAPTURE_AUTORELEASING = YES;
				CLANG_WARN_BOOL_CONVERSION = YES;
				CLANG_WARN_COMMA = YES;
				CLANG_WARN_CONSTANT_CONVERSION = YES;
				CLANG_WARN_DEPRECATED_OBJC_IMPLEMENTATIONS = YES;
				CLANG_WARN_DIRECT_OBJC_ISA_USAGE = YES_ERROR;
				CLANG_WARN_DOCUMENTATION_COMMENTS = YES;
				CLANG_WARN_EMPTY_BODY = YES;
				CLANG_WARN_ENUM_CONVERSION = YES;
				CLANG_WARN_INFINITE_RECURSION = YES;
				CLANG_WARN_INT_CONVERSION = YES;
				CLANG_WARN_NON_LITERAL_NULL_CONVERSION = YES;
				CLANG_WARN_OBJC_IMPLICIT_RETAIN_SELF = YES;
				CLANG_WARN_OBJC_LITERAL_CONVERSION = YES;
				CLANG_WARN_OBJC_ROOT_CLASS = YES_ERROR;
				CLANG_WARN_QUOTED_INCLUDE_IN_FRAMEWORK_HEADER = YES;
				CLANG_WARN_RANGE_LOOP_ANALYSIS = YES;
				CLANG_WARN_STRICT_PROTOTYPES = YES;
				CLANG_WARN_SUSPICIOUS_MOVE = YES;
				CLANG_WARN_UNGUARDED_AVAILABILITY = YES_AGGRESSIVE;
				CLANG_WARN_UNREACHABLE_CODE = YES;
				CLANG_WARN__DUPLICATE_METHOD_MATCH = YES;
				COPY_PHASE_STRIP = NO;
				DEBUG_INFORMATION_FORMAT = "dwarf-with-dsym";
				ENABLE_NS_ASSERTIONS = NO;
				ENABLE_STRICT_OBJC_MSGSEND = YES;
				ENABLE_USER_SCRIPT_SANDBOXING = YES;
				GCC_C_LANGUAGE_STANDARD = gnu17;
				GCC_NO_COMMON_BLOCKS = YES;
				GCC_WARN_64_TO_32_BIT_CONVERSION = YES;
				GCC_WARN_ABOUT_RETURN_TYPE = YES_ERROR;
				GCC_WARN_UNDECLARED_SELECTOR = YES;
				GCC_WARN_UNINITIALIZED_AUTOS = YES_AGGRESSIVE;
				GCC_WARN_UNUSED_FUNCTION = YES;
				GCC_WARN_UNUSED_VARIABLE = YES;
				IPHONEOS_DEPLOYMENT_TARGET = 17.2;
				LOCALIZATION_PREFERS_STRING_CATALOGS = YES;
				MTL_ENABLE_DEBUG_INFO = NO;
				MTL_FAST_MATH = YES;
				SDKROOT = iphoneos;
				SWIFT_COMPILATION_MODE = wholemodule;
				VALIDATE_PRODUCT = YES;
			};
			name = Release;
		};
		BA90E1DC2B51C5B400729479 /* Debug */ = {
			isa = XCBuildConfiguration;
			buildSettings = {
				ASSETCATALOG_COMPILER_APPICON_NAME = AppIcon;
				ASSETCATALOG_COMPILER_GLOBAL_ACCENT_COLOR_NAME = AccentColor;
				CODE_SIGN_STYLE = Automatic;
				CURRENT_PROJECT_VERSION = 1;
				DEVELOPMENT_ASSET_PATHS = "\"fluffyrobotquickchat/Preview Content\"";
				DEVELOPMENT_TEAM = 6W56PZLJZG;
				ENABLE_PREVIEWS = YES;
				GENERATE_INFOPLIST_FILE = YES;
				INFOPLIST_KEY_UIApplicationSceneManifest_Generation = YES;
				INFOPLIST_KEY_UIApplicationSupportsIndirectInputEvents = YES;
				INFOPLIST_KEY_UILaunchScreen_Generation = YES;
				INFOPLIST_KEY_UISupportedInterfaceOrientations_iPad = "UIInterfaceOrientationPortrait UIInterfaceOrientationPortraitUpsideDown UIInterfaceOrientationLandscapeLeft UIInterfaceOrientationLandscapeRight";
				INFOPLIST_KEY_UISupportedInterfaceOrientations_iPhone = "UIInterfaceOrientationPortrait UIInterfaceOrientationLandscapeLeft UIInterfaceOrientationLandscapeRight";
				LD_RUNPATH_SEARCH_PATHS = (
					"$(inherited)",
					"@executable_path/Frameworks",
				);
				MARKETING_VERSION = 1.0;
				PRODUCT_BUNDLE_IDENTIFIER = com.pjb.den.fluffyrobotquickchat;
				PRODUCT_NAME = "$(TARGET_NAME)";
				SWIFT_EMIT_LOC_STRINGS = YES;
				SWIFT_VERSION = 5.0;
				TARGETED_DEVICE_FAMILY = "1,2";
			};
			name = Debug;
		};
		BA90E1DD2B51C5B400729479 /* Release */ = {
			isa = XCBuildConfiguration;
			buildSettings = {
				ASSETCATALOG_COMPILER_APPICON_NAME = AppIcon;
				ASSETCATALOG_COMPILER_GLOBAL_ACCENT_COLOR_NAME = AccentColor;
				CODE_SIGN_STYLE = Automatic;
				CURRENT_PROJECT_VERSION = 1;
				DEVELOPMENT_ASSET_PATHS = "\"fluffyrobotquickchat/Preview Content\"";
				DEVELOPMENT_TEAM = 6W56PZLJZG;
				ENABLE_PREVIEWS = YES;
				GENERATE_INFOPLIST_FILE = YES;
				INFOPLIST_KEY_UIApplicationSceneManifest_Generation = YES;
				INFOPLIST_KEY_UIApplicationSupportsIndirectInputEvents = YES;
				INFOPLIST_KEY_UILaunchScreen_Generation = YES;
				INFOPLIST_KEY_UISupportedInterfaceOrientations_iPad = "UIInterfaceOrientationPortrait UIInterfaceOrientationPortraitUpsideDown UIInterfaceOrientationLandscapeLeft UIInterfaceOrientationLandscapeRight";
				INFOPLIST_KEY_UISupportedInterfaceOrientations_iPhone = "UIInterfaceOrientationPortrait UIInterfaceOrientationLandscapeLeft UIInterfaceOrientationLandscapeRight";
				LD_RUNPATH_SEARCH_PATHS = (
					"$(inherited)",
					"@executable_path/Frameworks",
				);
				MARKETING_VERSION = 1.0;
				PRODUCT_BUNDLE_IDENTIFIER = com.pjb.den.fluffyrobotquickchat;
				PRODUCT_NAME = "$(TARGET_NAME)";
				SWIFT_EMIT_LOC_STRINGS = YES;
				SWIFT_VERSION = 5.0;
				TARGETED_DEVICE_FAMILY = "1,2";
			};
			name = Release;
		};
/* End XCBuildConfiguration section */

/* Begin XCConfigurationList section */
		BA90E1C62B51C5B300729479 /* Build configuration list for PBXProject "fluffyrobotquickchat" */ = {
			isa = XCConfigurationList;
			buildConfigurations = (
				BA90E1D92B51C5B400729479 /* Debug */,
				BA90E1DA2B51C5B400729479 /* Release */,
			);
			defaultConfigurationIsVisible = 0;
			defaultConfigurationName = Release;
		};
		BA90E1DB2B51C5B400729479 /* Build configuration list for PBXNativeTarget "fluffyrobotquickchat" */ = {
			isa = XCConfigurationList;
			buildConfigurations = (
				BA90E1DC2B51C5B400729479 /* Debug */,
				BA90E1DD2B51C5B400729479 /* Release */,
			);
			defaultConfigurationIsVisible = 0;
			defaultConfigurationName = Release;
		};
/* End XCConfigurationList section */

/* Begin XCRemoteSwiftPackageReference section */
		BA90E1E42B51D94400729479 /* XCRemoteSwiftPackageReference "firebase-ios-sdk" */ = {
			isa = XCRemoteSwiftPackageReference;
			repositoryURL = "https://github.com/firebase/firebase-ios-sdk";
			requirement = {
				kind = upToNextMajorVersion;
				minimumVersion = 10.19.1;
			};
		};
/* End XCRemoteSwiftPackageReference section */

/* Begin XCSwiftPackageProductDependency section */
		BA43DF8A2B51E13100D845AE /* FirebaseFirestore */ = {
			isa = XCSwiftPackageProductDependency;
			package = BA90E1E42B51D94400729479 /* XCRemoteSwiftPackageReference "firebase-ios-sdk" */;
			productName = FirebaseFirestore;
		};
		BA90E1E52B51D94400729479 /* FirebaseAnalytics */ = {
			isa = XCSwiftPackageProductDependency;
			package = BA90E1E42B51D94400729479 /* XCRemoteSwiftPackageReference "firebase-ios-sdk" */;
			productName = FirebaseAnalytics;
		};
		BA90E1E72B51D94400729479 /* FirebaseAnalyticsOnDeviceConversion */ = {
			isa = XCSwiftPackageProductDependency;
			package = BA90E1E42B51D94400729479 /* XCRemoteSwiftPackageReference "firebase-ios-sdk" */;
			productName = FirebaseAnalyticsOnDeviceConversion;
		};
		BA90E1E92B51D94400729479 /* FirebaseAnalyticsSwift */ = {
			isa = XCSwiftPackageProductDependency;
			package = BA90E1E42B51D94400729479 /* XCRemoteSwiftPackageReference "firebase-ios-sdk" */;
			productName = FirebaseAnalyticsSwift;
		};
		BA90E1EB2B51D94400729479 /* FirebaseAnalyticsWithoutAdIdSupport */ = {
			isa = XCSwiftPackageProductDependency;
			package = BA90E1E42B51D94400729479 /* XCRemoteSwiftPackageReference "firebase-ios-sdk" */;
			productName = FirebaseAnalyticsWithoutAdIdSupport;
		};
		BA90E1ED2B51D94400729479 /* FirebaseAppCheck */ = {
			isa = XCSwiftPackageProductDependency;
			package = BA90E1E42B51D94400729479 /* XCRemoteSwiftPackageReference "firebase-ios-sdk" */;
			productName = FirebaseAppCheck;
		};
		BADA8D7B2B54587E0090C831 /* FirebaseAnalytics */ = {
			isa = XCSwiftPackageProductDependency;
			productName = FirebaseAnalytics;
		};
		BADA8D7D2B54587E0090C831 /* FirebaseAnalyticsOnDeviceConversion */ = {
			isa = XCSwiftPackageProductDependency;
			productName = FirebaseAnalyticsOnDeviceConversion;
		};
		BADA8D7F2B54587E0090C831 /* FirebaseAnalyticsSwift */ = {
			isa = XCSwiftPackageProductDependency;
			productName = FirebaseAnalyticsSwift;
		};
		BADA8D812B54587E0090C831 /* FirebaseAnalyticsWithoutAdIdSupport */ = {
			isa = XCSwiftPackageProductDependency;
			productName = FirebaseAnalyticsWithoutAdIdSupport;
		};
		BADA8D832B54587E0090C831 /* FirebaseAppCheck */ = {
			isa = XCSwiftPackageProductDependency;
			productName = FirebaseAppCheck;
		};
		BADA8D852B54587E0090C831 /* FirebaseAppDistribution-Beta */ = {
			isa = XCSwiftPackageProductDependency;
			productName = "FirebaseAppDistribution-Beta";
		};
		BADA8D872B54587E0090C831 /* FirebaseAuth */ = {
			isa = XCSwiftPackageProductDependency;
			productName = FirebaseAuth;
		};
		BADA8D892B54587E0090C831 /* FirebaseAuthCombine-Community */ = {
			isa = XCSwiftPackageProductDependency;
			productName = "FirebaseAuthCombine-Community";
		};
		BADA8D8B2B54587E0090C831 /* FirebaseCrashlytics */ = {
			isa = XCSwiftPackageProductDependency;
			productName = FirebaseCrashlytics;
		};
		BADA8D8D2B54587E0090C831 /* FirebaseDatabase */ = {
			isa = XCSwiftPackageProductDependency;
			productName = FirebaseDatabase;
		};
/* End XCSwiftPackageProductDependency section */
	};
	rootObject = BA90E1C32B51C5B300729479 /* Project object */;
}
