// !$*UTF8*$!
{
	archiveVersion = 1;
	classes = {
	};
	objectVersion = 56;
	objects = {

/* Begin PBXBuildFile section */
		BA43DF8B2B51E13100D845AE /* FirebaseFirestore in Frameworks */ = {isa = PBXBuildFile; productRef = BA43DF8A2B51E13100D845AE /* FirebaseFirestore */; };
		BA43DF8D2B51E4C500D845AE /* MyAppDelegate.swift in Sources */ = {isa = PBXBuildFile; fileRef = BA43DF8C2B51E4C500D845AE /* MyAppDelegate.swift */; };
		BA90E1CF2B51C5B300729479 /* fluffyrobotquickchatApp.swift in Sources */ = {isa = PBXBuildFile; fileRef = BA90E1CE2B51C5B300729479 /* fluffyrobotquickchatApp.swift */; };
		BA90E1D12B51C5B300729479 /* ContentView.swift in Sources */ = {isa = PBXBuildFile; fileRef = BA90E1D02B51C5B300729479 /* ContentView.swift */; };
		BA90E1D32B51C5B300729479 /* Item.swift in Sources */ = {isa = PBXBuildFile; fileRef = BA90E1D22B51C5B300729479 /* Item.swift */; };
		BA90E1D52B51C5B400729479 /* Assets.xcassets in Resources */ = {isa = PBXBuildFile; fileRef = BA90E1D42B51C5B400729479 /* Assets.xcassets */; };
		BA90E1D82B51C5B400729479 /* Preview Assets.xcassets in Resources */ = {isa = PBXBuildFile; fileRef = BA90E1D72B51C5B400729479 /* Preview Assets.xcassets */; };
		BA90E1DF2B51C68800729479 /* UserRegistration.swift in Sources */ = {isa = PBXBuildFile; fileRef = BA90E1DE2B51C68800729479 /* UserRegistration.swift */; };
		BA90E1E12B51C6A200729479 /* UserLogin.swift in Sources */ = {isa = PBXBuildFile; fileRef = BA90E1E02B51C6A200729479 /* UserLogin.swift */; };
		BA90E1E32B51C74000729479 /* UserProfie.swift in Sources */ = {isa = PBXBuildFile; fileRef = BA90E1E22B51C74000729479 /* UserProfie.swift */; };
		BA90E1E62B51D94400729479 /* FirebaseAnalytics in Frameworks */ = {isa = PBXBuildFile; productRef = BA90E1E52B51D94400729479 /* FirebaseAnalytics */; };
		BA90E1E82B51D94400729479 /* FirebaseAnalyticsOnDeviceConversion in Frameworks */ = {isa = PBXBuildFile; productRef = BA90E1E72B51D94400729479 /* FirebaseAnalyticsOnDeviceConversion */; };
		BA90E1EA2B51D94400729479 /* FirebaseAnalyticsSwift in Frameworks */ = {isa = PBXBuildFile; productRef = BA90E1E92B51D94400729479 /* FirebaseAnalyticsSwift */; };
		BA90E1EC2B51D94400729479 /* FirebaseAnalyticsWithoutAdIdSupport in Frameworks */ = {isa = PBXBuildFile; productRef = BA90E1EB2B51D94400729479 /* FirebaseAnalyticsWithoutAdIdSupport */; };
		BA90E1EE2B51D94400729479 /* FirebaseAppCheck in Frameworks */ = {isa = PBXBuildFile; productRef = BA90E1ED2B51D94400729479 /* FirebaseAppCheck */; };
		BA90E1F02B51DCE800729479 /* GoogleService-Info.plist in Resources */ = {isa = PBXBuildFile; fileRef = BA90E1EF2B51DCE800729479 /* GoogleService-Info.plist */; };
/* End PBXBuildFile section */

/* Begin PBXFileReference section */
		BA43DF8C2B51E4C500D845AE /* MyAppDelegate.swift */ = {isa = PBXFileReference; lastKnownFileType = sourcecode.swift; path = MyAppDelegate.swift; sourceTree = "<group>"; };
		BA90E1CB2B51C5B300729479 /* fluffyrobotquickchat.app */ = {isa = PBXFileReference; explicitFileType = wrapper.application; includeInIndex = 0; path = fluffyrobotquickchat.app; sourceTree = BUILT_PRODUCTS_DIR; };
		BA90E1CE2B51C5B300729479 /* fluffyrobotquickchatApp.swift */ = {isa = PBXFileReference; lastKnownFileType = sourcecode.swift; path = fluffyrobotquickchatApp.swift; sourceTree = "<group>"; };
		BA90E1D02B51C5B300729479 /* ContentView.swift */ = {isa = PBXFileReference; lastKnownFileType = sourcecode.swift; path = ContentView.swift; sourceTree = "<group>"; };
		BA90E1D22B51C5B300729479 /* Item.swift */ = {isa = PBXFileReference; lastKnownFileType = sourcecode.swift; path = Item.swift; sourceTree = "<group>"; };
		BA90E1D42B51C5B400729479 /* Assets.xcassets */ = {isa = PBXFileReference; lastKnownFileType = folder.assetcatalog; path = Assets.xcassets; sourceTree = "<group>"; };
		BA90E1D72B51C5B400729479 /* Preview Assets.xcassets */ = {isa = PBXFileReference; lastKnownFileType = folder.assetcatalog; path = "Preview Assets.xcassets"; sourceTree = "<group>"; };
		BA90E1DE2B51C68800729479 /* UserRegistration.swift */ = {isa = PBXFileReference; lastKnownFileType = sourcecode.swift; path = UserRegistration.swift; sourceTree = "<group>"; };
		BA90E1E02B51C6A200729479 /* UserLogin.swift */ = {isa = PBXFileReference; lastKnownFileType = sourcecode.swift; path = UserLogin.swift; sourceTree = "<group>"; };
		BA90E1E22B51C74000729479 /* UserProfie.swift */ = {isa = PBXFileReference; lastKnownFileType = sourcecode.swift; path = UserProfie.swift; sourceTree = "<group>"; };
		BA90E1EF2B51DCE800729479 /* GoogleService-Info.plist */ = {isa = PBXFileReference; fileEncoding = 4; lastKnownFileType = text.plist.xml; name = "GoogleService-Info.plist"; path = "../../../../Downloads/GoogleService-Info.plist"; sourceTree = "<group>"; };
/* End PBXFileReference section */

/* Begin PBXFrameworksBuildPhase section */
		BA90E1C82B51C5B300729479 /* Frameworks */ = {
			isa = PBXFrameworksBuildPhase;
			buildActionMask = 2147483647;
			files = (
				BA90E1EA2B51D94400729479 /* FirebaseAnalyticsSwift in Frameworks */,
				BA90E1E62B51D94400729479 /* FirebaseAnalytics in Frameworks */,
				BA90E1E82B51D94400729479 /* FirebaseAnalyticsOnDeviceConversion in Frameworks */,
				BA90E1EE2B51D94400729479 /* FirebaseAppCheck in Frameworks */,
				BA90E1EC2B51D94400729479 /* FirebaseAnalyticsWithoutAdIdSupport in Frameworks */,
				BA43DF8B2B51E13100D845AE /* FirebaseFirestore in Frameworks */,
			);
			runOnlyForDeploymentPostprocessing = 0;
		};
/* End PBXFrameworksBuildPhase section */

/* Begin PBXGroup section */
		BA43DF892B51E13100D845AE /* Frameworks */ = {
			isa = PBXGroup;
			children = (
			);
			name = Frameworks;
			sourceTree = "<group>";
		};
		BA90E1C22B51C5B300729479 = {
			isa = PBXGroup;
			children = (
				BA90E1CD2B51C5B300729479 /* fluffyrobotquickchat */,
				BA90E1CC2B51C5B300729479 /* Products */,
				BA43DF892B51E13100D845AE /* Frameworks */,
			);
			sourceTree = "<group>";
		};
		BA90E1CC2B51C5B300729479 /* Products */ = {
			isa = PBXGroup;
			children = (
				BA90E1CB2B51C5B300729479 /* fluffyrobotquickchat.app */,
			);
			name = Products;
			sourceTree = "<group>";
		};
		BA90E1CD2B51C5B300729479 /* fluffyrobotquickchat */ = {
			isa = PBXGroup;
			children = (
				BA90E1EF2B51DCE800729479 /* GoogleService-Info.plist */,
				BA90E1CE2B51C5B300729479 /* fluffyrobotquickchatApp.swift */,
				BA43DF8C2B51E4C500D845AE /* MyAppDelegate.swift */,
				BA90E1D02B51C5B300729479 /* ContentView.swift */,
				BA90E1DE2B51C68800729479 /* UserRegistration.swift */,
				BA90E1E22B51C74000729479 /* UserProfie.swift */,
				BA90E1E02B51C6A200729479 /* UserLogin.swift */,
				BA90E1D22B51C5B300729479 /* Item.swift */,
				BA90E1D42B51C5B400729479 /* Assets.xcassets */,
				BA90E1D62B51C5B400729479 /* Preview Content */,
			);
			path = fluffyrobotquickchat;
			sourceTree = "<group>";
		};
		BA90E1D62B51C5B400729479 /* Preview Content */ = {
			isa = PBXGroup;
			children = (
				BA90E1D72B51C5B400729479 /* Preview Assets.xcassets */,
			);
			path = "Preview Content";
			sourceTree = "<group>";
		};
/* End PBXGroup section */

/* Begin PBXNativeTarget section */
		BA90E1CA2B51C5B300729479 /* fluffyrobotquickchat */ = {
			isa = PBXNativeTarget;
			buildConfigurationList = BA90E1DB2B51C5B400729479 /* Build configuration list for PBXNativeTarget "fluffyrobotquickchat" */;
			buildPhases = (
				BA90E1C72B51C5B300729479 /* Sources */,
				BA90E1C82B51C5B300729479 /* Frameworks */,
				BA90E1C92B51C5B300729479 /* Resources */,
			);
			buildRules = (
			);
			dependencies = (
			);
			name = fluffyrobotquickchat;
			packageProductDependencies = (
				BA90E1E52B51D94400729479 /* FirebaseAnalytics */,
				BA90E1E72B51D94400729479 /* FirebaseAnalyticsOnDeviceConversion */,
				BA90E1E92B51D94400729479 /* FirebaseAnalyticsSwift */,
				BA90E1EB2B51D94400729479 /* FirebaseAnalyticsWithoutAdIdSupport */,
				BA90E1ED2B51D94400729479 /* FirebaseAppCheck */,
				BA43DF8A2B51E13100D845AE /* FirebaseFirestore */,
			);
			productName = fluffyrobotquickchat;
			productReference = BA90E1CB2B51C5B300729479 /* fluffyrobotquickchat.app */;
			productType = "com.apple.product-type.application";
		};
/* End PBXNativeTarget section */

/* Begin PBXProject section */
		BA90E1C32B51C5B300729479 /* Project object */ = {
			isa = PBXProject;
			attributes = {
				BuildIndependentTargetsInParallel = 1;
				LastSwiftUpdateCheck = 1520;
				LastUpgradeCheck = 1520;
				TargetAttributes = {
					BA90E1CA2B51C5B300729479 = {
						CreatedOnToolsVersion = 15.2;
					};
				};
			};
			buildConfigurationList = BA90E1C62B51C5B300729479 /* Build configuration list for PBXProject "fluffyrobotquickchat" */;
			compatibilityVersion = "Xcode 14.0";
			developmentRegion = en;
			hasScannedForEncodings = 0;
			knownRegions = (
				en,
				Base,
			);
			mainGroup = BA90E1C22B51C5B300729479;
			packageReferences = (
				BA90E1E42B51D94400729479 /* XCRemoteSwiftPackageReference "firebase-ios-sdk" */,
			);
			productRefGroup = BA90E1CC2B51C5B300729479 /* Products */;
			projectDirPath = "";
			projectRoot = "";
			targets = (
				BA90E1CA2B51C5B300729479 /* fluffyrobotquickchat */,
			);
		};
/* End PBXProject section */

/* Begin PBXResourcesBuildPhase section */
		BA90E1C92B51C5B300729479 /* Resources */ = {
			isa = PBXResourcesBuildPhase;
			buildActionMask = 2147483647;
			files = (
				BA90E1D82B51C5B400729479 /* Preview Assets.xcassets in Resources */,
				BA90E1D52B51C5B400729479 /* Assets.xcassets in Resources */,
				BA90E1F02B51DCE800729479 /* GoogleService-Info.plist in Resources */,
			);
			runOnlyForDeploymentPostprocessing = 0;
		};
/* End PBXResourcesBuildPhase section */

/* Begin PBXSourcesBuildPhase section */
		BA90E1C72B51C5B300729479 /* Sources */ = {
			isa = PBXSourcesBuildPhase;
			buildActionMask = 2147483647;
			files = (
				BA90E1D12B51C5B300729479 /* ContentView.swift in Sources */,
				BA90E1E12B51C6A200729479 /* UserLogin.swift in Sources */,
				BA90E1D32B51C5B300729479 /* Item.swift in Sources */,
				BA43DF8D2B51E4C500D845AE /* MyAppDelegate.swift in Sources */,
				BA90E1DF2B51C68800729479 /* UserRegistration.swift in Sources */,
				BA90E1CF2B51C5B300729479 /* fluffyrobotquickchatApp.swift in Sources */,
				BA90E1E32B51C74000729479 /* UserProfie.swift in Sources */,
			);
			runOnlyForDeploymentPostprocessing = 0;
		};
/* End PBXSourcesBuildPhase section */

/* Begin XCBuildConfiguration section */
		BA90E1D92B51C5B400729479 /* Debug */ = {
			isa = XCBuildConfiguration;
			buildSettings = {
				ALWAYS_SEARCH_USER_PATHS = NO;
				ASSETCATALOG_COMPILER_GENERATE_SWIFT_ASSET_SYMBOL_EXTENSIONS = YES;
				CLANG_ANALYZER_NONNULL = YES;
				CLANG_ANALYZER_NUMBER_OBJECT_CONVERSION = YES_AGGRESSIVE;
				CLANG_CXX_LANGUAGE_STANDARD = "gnu++20";
				CLANG_ENABLE_MODULES = YES;
				CLANG_ENABLE_OBJC_ARC = YES;
				CLANG_ENABLE_OBJC_WEAK = YES;
				CLANG_WARN_BLOCK_CAPTURE_AUTORELEASING = YES;
				CLANG_WARN_BOOL_CONVERSION = YES;
				CLANG_WARN_COMMA = YES;
				CLANG_WARN_CONSTANT_CONVERSION = YES;
				CLANG_WARN_DEPRECATED_OBJC_IMPLEMENTATIONS = YES;
				CLANG_WARN_DIRECT_OBJC_ISA_USAGE = YES_ERROR;
				CLANG_WARN_DOCUMENTATION_COMMENTS = YES;
				CLANG_WARN_EMPTY_BODY = YES;
				CLANG_WARN_ENUM_CONVERSION = YES;
				CLANG_WARN_INFINITE_RECURSION = YES;
				CLANG_WARN_INT_CONVERSION = YES;
				CLANG_WARN_NON_LITERAL_NULL_CONVERSION = YES;
				CLANG_WARN_OBJC_IMPLICIT_RETAIN_SELF = YES;
				CLANG_WARN_OBJC_LITERAL_CONVERSION = YES;
				CLANG_WARN_OBJC_ROOT_CLASS = YES_ERROR;
				CLANG_WARN_QUOTED_INCLUDE_IN_FRAMEWORK_HEADER = YES;
				CLANG_WARN_RANGE_LOOP_ANALYSIS = YES;
				CLANG_WARN_STRICT_PROTOTYPES = YES;
				CLANG_WARN_SUSPICIOUS_MOVE = YES;
				CLANG_WARN_UNGUARDED_AVAILABILITY = YES_AGGRESSIVE;
				CLANG_WARN_UNREACHABLE_CODE = YES;
				CLANG_WARN__DUPLICATE_METHOD_MATCH = YES;
				COPY_PHASE_STRIP = NO;
				DEBUG_INFORMATION_FORMAT = dwarf;
				ENABLE_STRICT_OBJC_MSGSEND = YES;
				ENABLE_TESTABILITY = YES;
				ENABLE_USER_SCRIPT_SANDBOXING = YES;
				GCC_C_LANGUAGE_STANDARD = gnu17;
				GCC_DYNAMIC_NO_PIC = NO;
				GCC_NO_COMMON_BLOCKS = YES;
				GCC_OPTIMIZATION_LEVEL = 0;
				GCC_PREPROCESSOR_DEFINITIONS = (
					"DEBUG=1",
					"$(inherited)",
				);
				GCC_WARN_64_TO_32_BIT_CONVERSION = YES;
				GCC_WARN_ABOUT_RETURN_TYPE = YES_ERROR;
				GCC_WARN_UNDECLARED_SELECTOR = YES;
				GCC_WARN_UNINITIALIZED_AUTOS = YES_AGGRESSIVE;
				GCC_WARN_UNUSED_FUNCTION = YES;
				GCC_WARN_UNUSED_VARIABLE = YES;
				IPHONEOS_DEPLOYMENT_TARGET = 17.2;
				LOCALIZATION_PREFERS_STRING_CATALOGS = YES;
				MTL_ENABLE_DEBUG_INFO = INCLUDE_SOURCE;
				MTL_FAST_MATH = YES;
				ONLY_ACTIVE_ARCH = YES;
				SDKROOT = iphoneos;
				SWIFT_ACTIVE_COMPILATION_CONDITIONS = "DEBUG $(inherited)";
				SWIFT_OPTIMIZATION_LEVEL = "-Onone";
			};
			name = Debug;
		};
		BA90E1DA2B51C5B400729479 /* Release */ = {
			isa = XCBuildConfiguration;
			buildSettings = {
				ALWAYS_SEARCH_USER_PATHS = NO;
				ASSETCATALOG_COMPILER_GENERATE_SWIFT_ASSET_SYMBOL_EXTENSIONS = YES;
				CLANG_ANALYZER_NONNULL = YES;
				CLANG_ANALYZER_NUMBER_OBJECT_CONVERSION = YES_AGGRESSIVE;
				CLANG_CXX_LANGUAGE_STANDARD = "gnu++20";
				CLANG_ENABLE_MODULES = YES;
				CLANG_ENABLE_OBJC_ARC = YES;
				CLANG_ENABLE_OBJC_WEAK = YES;
				CLANG_WARN_BLOCK_CAPTURE_AUTORELEASING = YES;
				CLANG_WARN_BOOL_CONVERSION = YES;
				CLANG_WARN_COMMA = YES;
				CLANG_WARN_CONSTANT_CONVERSION = YES;
				CLANG_WARN_DEPRECATED_OBJC_IMPLEMENTATIONS = YES;
				CLANG_WARN_DIRECT_OBJC_ISA_USAGE = YES_ERROR;
				CLANG_WARN_DOCUMENTATION_COMMENTS = YES;
				CLANG_WARN_EMPTY_BODY = YES;
				CLANG_WARN_ENUM_CONVERSION = YES;
				CLANG_WARN_INFINITE_RECURSION = YES;
				CLANG_WARN_INT_CONVERSION = YES;
				CLANG_WARN_NON_LITERAL_NULL_CONVERSION = YES;
				CLANG_WARN_OBJC_IMPLICIT_RETAIN_SELF = YES;
				CLANG_WARN_OBJC_LITERAL_CONVERSION = YES;
				CLANG_WARN_OBJC_ROOT_CLASS = YES_ERROR;
				CLANG_WARN_QUOTED_INCLUDE_IN_FRAMEWORK_HEADER = YES;
				CLANG_WARN_RANGE_LOOP_ANALYSIS = YES;
				CLANG_WARN_STRICT_PROTOTYPES = YES;
				CLANG_WARN_SUSPICIOUS_MOVE = YES;
				CLANG_WARN_UNGUARDED_AVAILABILITY = YES_AGGRESSIVE;
				CLANG_WARN_UNREACHABLE_CODE = YES;
				CLANG_WARN__DUPLICATE_METHOD_MATCH = YES;
				COPY_PHASE_STRIP = NO;
				DEBUG_INFORMATION_FORMAT = "dwarf-with-dsym";
				ENABLE_NS_ASSERTIONS = NO;
				ENABLE_STRICT_OBJC_MSGSEND = YES;
				ENABLE_USER_SCRIPT_SANDBOXING = YES;
				GCC_C_LANGUAGE_STANDARD = gnu17;
				GCC_NO_COMMON_BLOCKS = YES;
				GCC_WARN_64_TO_32_BIT_CONVERSION = YES;
				GCC_WARN_ABOUT_RETURN_TYPE = YES_ERROR;
				GCC_WARN_UNDECLARED_SELECTOR = YES;
				GCC_WARN_UNINITIALIZED_AUTOS = YES_AGGRESSIVE;
				GCC_WARN_UNUSED_FUNCTION = YES;
				GCC_WARN_UNUSED_VARIABLE = YES;
				IPHONEOS_DEPLOYMENT_TARGET = 17.2;
				LOCALIZATION_PREFERS_STRING_CATALOGS = YES;
				MTL_ENABLE_DEBUG_INFO = NO;
				MTL_FAST_MATH = YES;
				SDKROOT = iphoneos;
				SWIFT_COMPILATION_MODE = wholemodule;
				VALIDATE_PRODUCT = YES;
			};
			name = Release;
		};
		BA90E1DC2B51C5B400729479 /* Debug */ = {
			isa = XCBuildConfiguration;
			buildSettings = {
				ASSETCATALOG_COMPILER_APPICON_NAME = AppIcon;
				ASSETCATALOG_COMPILER_GLOBAL_ACCENT_COLOR_NAME = AccentColor;
				CODE_SIGN_STYLE = Automatic;
				CURRENT_PROJECT_VERSION = 1;
				DEVELOPMENT_ASSET_PATHS = "\"fluffyrobotquickchat/Preview Content\"";
				DEVELOPMENT_TEAM = 6W56PZLJZG;
				ENABLE_PREVIEWS = YES;
				GENERATE_INFOPLIST_FILE = YES;
				INFOPLIST_KEY_UIApplicationSceneManifest_Generation = YES;
				INFOPLIST_KEY_UIApplicationSupportsIndirectInputEvents = YES;
				INFOPLIST_KEY_UILaunchScreen_Generation = YES;
				INFOPLIST_KEY_UISupportedInterfaceOrientations_iPad = "UIInterfaceOrientationPortrait UIInterfaceOrientationPortraitUpsideDown UIInterfaceOrientationLandscapeLeft UIInterfaceOrientationLandscapeRight";
				INFOPLIST_KEY_UISupportedInterfaceOrientations_iPhone = "UIInterfaceOrientationPortrait UIInterfaceOrientationLandscapeLeft UIInterfaceOrientationLandscapeRight";
				LD_RUNPATH_SEARCH_PATHS = (
					"$(inherited)",
					"@executable_path/Frameworks",
				);
				MARKETING_VERSION = 1.0;
				PRODUCT_BUNDLE_IDENTIFIER = com.pjb.den.fluffyrobotquickchat;
				PRODUCT_NAME = "$(TARGET_NAME)";
				SWIFT_EMIT_LOC_STRINGS = YES;
				SWIFT_VERSION = 5.0;
				TARGETED_DEVICE_FAMILY = "1,2";
			};
			name = Debug;
		};
		BA90E1DD2B51C5B400729479 /* Release */ = {
			isa = XCBuildConfiguration;
			buildSettings = {
				ASSETCATALOG_COMPILER_APPICON_NAME = AppIcon;
				ASSETCATALOG_COMPILER_GLOBAL_ACCENT_COLOR_NAME = AccentColor;
				CODE_SIGN_STYLE = Automatic;
				CURRENT_PROJECT_VERSION = 1;
				DEVELOPMENT_ASSET_PATHS = "\"fluffyrobotquickchat/Preview Content\"";
				DEVELOPMENT_TEAM = 6W56PZLJZG;
				ENABLE_PREVIEWS = YES;
				GENERATE_INFOPLIST_FILE = YES;
				INFOPLIST_KEY_UIApplicationSceneManifest_Generation = YES;
				INFOPLIST_KEY_UIApplicationSupportsIndirectInputEvents = YES;
				INFOPLIST_KEY_UILaunchScreen_Generation = YES;
				INFOPLIST_KEY_UISupportedInterfaceOrientations_iPad = "UIInterfaceOrientationPortrait UIInterfaceOrientationPortraitUpsideDown UIInterfaceOrientationLandscapeLeft UIInterfaceOrientationLandscapeRight";
				INFOPLIST_KEY_UISupportedInterfaceOrientations_iPhone = "UIInterfaceOrientationPortrait UIInterfaceOrientationLandscapeLeft UIInterfaceOrientationLandscapeRight";
				LD_RUNPATH_SEARCH_PATHS = (
					"$(inherited)",
					"@executable_path/Frameworks",
				);
				MARKETING_VERSION = 1.0;
				PRODUCT_BUNDLE_IDENTIFIER = com.pjb.den.fluffyrobotquickchat;
				PRODUCT_NAME = "$(TARGET_NAME)";
				SWIFT_EMIT_LOC_STRINGS = YES;
				SWIFT_VERSION = 5.0;
				TARGETED_DEVICE_FAMILY = "1,2";
			};
			name = Release;
		};
/* End XCBuildConfiguration section */

/* Begin XCConfigurationList section */
		BA90E1C62B51C5B300729479 /* Build configuration list for PBXProject "fluffyrobotquickchat" */ = {
			isa = XCConfigurationList;
			buildConfigurations = (
				BA90E1D92B51C5B400729479 /* Debug */,
				BA90E1DA2B51C5B400729479 /* Release */,
			);
			defaultConfigurationIsVisible = 0;
			defaultConfigurationName = Release;
		};
		BA90E1DB2B51C5B400729479 /* Build configuration list for PBXNativeTarget "fluffyrobotquickchat" */ = {
			isa = XCConfigurationList;
			buildConfigurations = (
				BA90E1DC2B51C5B400729479 /* Debug */,
				BA90E1DD2B51C5B400729479 /* Release */,
			);
			defaultConfigurationIsVisible = 0;
			defaultConfigurationName = Release;
		};
/* End XCConfigurationList section */

/* Begin XCRemoteSwiftPackageReference section */
		BA90E1E42B51D94400729479 /* XCRemoteSwiftPackageReference "firebase-ios-sdk" */ = {
			isa = XCRemoteSwiftPackageReference;
			repositoryURL = "https://github.com/firebase/firebase-ios-sdk";
			requirement = {
				kind = upToNextMajorVersion;
				minimumVersion = 10.19.1;
			};
		};
/* End XCRemoteSwiftPackageReference section */

/* Begin XCSwiftPackageProductDependency section */
		BA43DF8A2B51E13100D845AE /* FirebaseFirestore */ = {
			isa = XCSwiftPackageProductDependency;
			package = BA90E1E42B51D94400729479 /* XCRemoteSwiftPackageReference "firebase-ios-sdk" */;
			productName = FirebaseFirestore;
		};
		BA90E1E52B51D94400729479 /* FirebaseAnalytics */ = {
			isa = XCSwiftPackageProductDependency;
			package = BA90E1E42B51D94400729479 /* XCRemoteSwiftPackageReference "firebase-ios-sdk" */;
			productName = FirebaseAnalytics;
		};
		BA90E1E72B51D94400729479 /* FirebaseAnalyticsOnDeviceConversion */ = {
			isa = XCSwiftPackageProductDependency;
			package = BA90E1E42B51D94400729479 /* XCRemoteSwiftPackageReference "firebase-ios-sdk" */;
			productName = FirebaseAnalyticsOnDeviceConversion;
		};
		BA90E1E92B51D94400729479 /* FirebaseAnalyticsSwift */ = {
			isa = XCSwiftPackageProductDependency;
			package = BA90E1E42B51D94400729479 /* XCRemoteSwiftPackageReference "firebase-ios-sdk" */;
			productName = FirebaseAnalyticsSwift;
		};
		BA90E1EB2B51D94400729479 /* FirebaseAnalyticsWithoutAdIdSupport */ = {
			isa = XCSwiftPackageProductDependency;
			package = BA90E1E42B51D94400729479 /* XCRemoteSwiftPackageReference "firebase-ios-sdk" */;
			productName = FirebaseAnalyticsWithoutAdIdSupport;
		};
		BA90E1ED2B51D94400729479 /* FirebaseAppCheck */ = {
			isa = XCSwiftPackageProductDependency;
			package = BA90E1E42B51D94400729479 /* XCRemoteSwiftPackageReference "firebase-ios-sdk" */;
			productName = FirebaseAppCheck;
		};
/* End XCSwiftPackageProductDependency section */
	};
	rootObject = BA90E1C32B51C5B300729479 /* Project object */;
}
